# THIS IS AN AUTOGENERATED FILE. DO NOT EDIT THIS FILE DIRECTLY.
# yarn lockfile v1


"simplePagination.js@https://github.com/flaviusmatis/simplePagination.js.git":
  version "0.0.0"
  uid da9710471a235dfea861401027c0adf5b45286fb
  resolved "https://github.com/flaviusmatis/simplePagination.js.git#da9710471a235dfea861401027c0adf5b45286fb"
